
Microsoft Visual Studio Solution File, Format Version 12.00
# Visual Studio Version 17
VisualStudioVersion = 17.10.35013.160
MinimumVisualStudioVersion = 10.0.40219.1
Project("{FAE04EC0-301F-11D3-BF4B-00C04F79EFBC}") = "MemberManagement", "MemberManagement\MemberManagement.csproj", "{6A99FA47-C841-4686-A183-FAC3EE6AD6E6}"
EndProject
Global
	GlobalSection(SolutionConfigurationPlatforms) = preSolution
		Debug|Any CPU = Debug|Any CPU
		Release|Any CPU = Release|Any CPU
	EndGlobalSection
	GlobalSection(ProjectConfigurationPlatforms) = postSolution
		{6A99FA47-C841-4686-A183-FAC3EE6AD6E6}.Debug|Any CPU.ActiveCfg = Debug|Any CPU
		{6A99FA47-C841-4686-A183-FAC3EE6AD6E6}.Debug|Any CPU.Build.0 = Debug|Any CPU
		{6A99FA47-C841-4686-A183-FAC3EE6AD6E6}.Release|Any CPU.ActiveCfg = Release|Any CPU
		{6A99FA47-C841-4686-A183-FAC3EE6AD6E6}.Release|Any CPU.Build.0 = Release|Any CPU
	EndGlobalSection
	GlobalSection(SolutionProperties) = preSolution
		HideSolutionNode = FALSE
	EndGlobalSection
	GlobalSection(ExtensibilityGlobals) = postSolution
		SolutionGuid = {D1435384-A5E9-4AD3-A054-6653635FA8F4}
	EndGlobalSection
EndGlobal
